
Microsoft Visual Studio Solution File, Format Version 12.00
# Visual Studio Version 17
VisualStudioVersion = 17.6.33815.320
MinimumVisualStudioVersion = 10.0.40219.1
Project("{FAE04EC0-301F-11D3-BF4B-00C04F79EFBC}") = "TeslaRC_Controller", "TeslaRC_Controller.csproj", "{542637DF-95FC-4B2D-914A-A2570AA1764A}"
EndProject
Global
	GlobalSection(SolutionConfigurationPlatforms) = preSolution
		Debug|Any CPU = Debug|Any CPU
		Release|Any CPU = Release|Any CPU
	EndGlobalSection
	GlobalSection(ProjectConfigurationPlatforms) = postSolution
		{542637DF-95FC-4B2D-914A-A2570AA1764A}.Debug|Any CPU.ActiveCfg = Debug|Any CPU
		{542637DF-95FC-4B2D-914A-A2570AA1764A}.Debug|Any CPU.Build.0 = Debug|Any CPU
		{542637DF-95FC-4B2D-914A-A2570AA1764A}.Release|Any CPU.ActiveCfg = Release|Any CPU
		{542637DF-95FC-4B2D-914A-A2570AA1764A}.Release|Any CPU.Build.0 = Release|Any CPU
	EndGlobalSection
	GlobalSection(SolutionProperties) = preSolution
		HideSolutionNode = FALSE
	EndGlobalSection
	GlobalSection(ExtensibilityGlobals) = postSolution
		SolutionGuid = {FF5DBE03-AAC9-49B1-A78E-F7FC0A411E9F}
	EndGlobalSection
EndGlobal
